
Microsoft Visual Studio Solution File, Format Version 12.00
# Visual Studio Version 17
VisualStudioVersion = 17.6.33723.286
MinimumVisualStudioVersion = 10.0.40219.1
Project("{9A19103F-16F7-4668-BE54-9A1E7A4F7556}") = "Mabieati", "Mabieati\Mabieati.csproj", "{077BB22C-AEB2-4CBE-A87B-73F43DCB7AA5}"
EndProject
Project("{9A19103F-16F7-4668-BE54-9A1E7A4F7556}") = "Mabieati.Data", "Mabieati.Data\Mabieati.Data.csproj", "{39CD33F5-D2C7-4124-9BE2-9724528A25F0}"
EndProject
Project("{9A19103F-16F7-4668-BE54-9A1E7A4F7556}") = "Mabieati.Kernel", "Mabieati.Kernel\Mabieati.Kernel.csproj", "{EC3E4905-1F14-4CE9-8F60-D1B86F13B78C}"
EndProject
Project("{9A19103F-16F7-4668-BE54-9A1E7A4F7556}") = "Mabieati.Style", "Mabieati.Style\Mabieati.Style.csproj", "{86168170-FAD9-40C5-917A-11B2C2522C7F}"
EndProject
Project("{2150E333-8FDC-42A3-9474-1A3956D46DE8}") = "Features", "Features", "{C470CEBF-B57F-4BDA-AFBB-902F6FE325F8}"
EndProject
Project("{9A19103F-16F7-4668-BE54-9A1E7A4F7556}") = "Mabieati.Features.Auth", "Mabieati.Features.Auth\Mabieati.Features.Auth.csproj", "{AB36825D-0F88-4404-9CD3-B49638A4168B}"
EndProject
Project("{9A19103F-16F7-4668-BE54-9A1E7A4F7556}") = "Mabieati.Features.Settings", "Mabieati.Features.Settings\Mabieati.Features.Settings.csproj", "{A91936AB-791D-4A90-A806-DD3BD95B8EF2}"
EndProject
Project("{9A19103F-16F7-4668-BE54-9A1E7A4F7556}") = "Mabieati.Features.Dashboard", "Mabieati.Features.Dashboard\Mabieati.Features.Dashboard.csproj", "{6DA8D8B6-3395-44E4-A6AE-EA2FF7614064}"
EndProject
Project("{FAE04EC0-301F-11D3-BF4B-00C04F79EFBC}") = "Mabieati.Features.UsersManagement", "Mabieati.Features.UsersManagement\Mabieati.Features.UsersManagement.csproj", "{A1515062-623E-4D63-B04E-2B0992A9D1B7}"
EndProject
Global
	GlobalSection(SolutionConfigurationPlatforms) = preSolution
		Debug|Any CPU = Debug|Any CPU
		Release|Any CPU = Release|Any CPU
	EndGlobalSection
	GlobalSection(ProjectConfigurationPlatforms) = postSolution
		{077BB22C-AEB2-4CBE-A87B-73F43DCB7AA5}.Debug|Any CPU.ActiveCfg = Debug|Any CPU
		{077BB22C-AEB2-4CBE-A87B-73F43DCB7AA5}.Debug|Any CPU.Build.0 = Debug|Any CPU
		{077BB22C-AEB2-4CBE-A87B-73F43DCB7AA5}.Release|Any CPU.ActiveCfg = Release|Any CPU
		{077BB22C-AEB2-4CBE-A87B-73F43DCB7AA5}.Release|Any CPU.Build.0 = Release|Any CPU
		{39CD33F5-D2C7-4124-9BE2-9724528A25F0}.Debug|Any CPU.ActiveCfg = Debug|Any CPU
		{39CD33F5-D2C7-4124-9BE2-9724528A25F0}.Debug|Any CPU.Build.0 = Debug|Any CPU
		{39CD33F5-D2C7-4124-9BE2-9724528A25F0}.Release|Any CPU.ActiveCfg = Release|Any CPU
		{39CD33F5-D2C7-4124-9BE2-9724528A25F0}.Release|Any CPU.Build.0 = Release|Any CPU
		{EC3E4905-1F14-4CE9-8F60-D1B86F13B78C}.Debug|Any CPU.ActiveCfg = Debug|Any CPU
		{EC3E4905-1F14-4CE9-8F60-D1B86F13B78C}.Debug|Any CPU.Build.0 = Debug|Any CPU
		{EC3E4905-1F14-4CE9-8F60-D1B86F13B78C}.Release|Any CPU.ActiveCfg = Release|Any CPU
		{EC3E4905-1F14-4CE9-8F60-D1B86F13B78C}.Release|Any CPU.Build.0 = Release|Any CPU
		{86168170-FAD9-40C5-917A-11B2C2522C7F}.Debug|Any CPU.ActiveCfg = Debug|Any CPU
		{86168170-FAD9-40C5-917A-11B2C2522C7F}.Debug|Any CPU.Build.0 = Debug|Any CPU
		{86168170-FAD9-40C5-917A-11B2C2522C7F}.Release|Any CPU.ActiveCfg = Release|Any CPU
		{86168170-FAD9-40C5-917A-11B2C2522C7F}.Release|Any CPU.Build.0 = Release|Any CPU
		{AB36825D-0F88-4404-9CD3-B49638A4168B}.Debug|Any CPU.ActiveCfg = Debug|Any CPU
		{AB36825D-0F88-4404-9CD3-B49638A4168B}.Debug|Any CPU.Build.0 = Debug|Any CPU
		{AB36825D-0F88-4404-9CD3-B49638A4168B}.Release|Any CPU.ActiveCfg = Release|Any CPU
		{AB36825D-0F88-4404-9CD3-B49638A4168B}.Release|Any CPU.Build.0 = Release|Any CPU
		{A91936AB-791D-4A90-A806-DD3BD95B8EF2}.Debug|Any CPU.ActiveCfg = Debug|Any CPU
		{A91936AB-791D-4A90-A806-DD3BD95B8EF2}.Debug|Any CPU.Build.0 = Debug|Any CPU
		{A91936AB-791D-4A90-A806-DD3BD95B8EF2}.Release|Any CPU.ActiveCfg = Release|Any CPU
		{A91936AB-791D-4A90-A806-DD3BD95B8EF2}.Release|Any CPU.Build.0 = Release|Any CPU
		{6DA8D8B6-3395-44E4-A6AE-EA2FF7614064}.Debug|Any CPU.ActiveCfg = Debug|Any CPU
		{6DA8D8B6-3395-44E4-A6AE-EA2FF7614064}.Debug|Any CPU.Build.0 = Debug|Any CPU
		{6DA8D8B6-3395-44E4-A6AE-EA2FF7614064}.Release|Any CPU.ActiveCfg = Release|Any CPU
		{6DA8D8B6-3395-44E4-A6AE-EA2FF7614064}.Release|Any CPU.Build.0 = Release|Any CPU
		{A1515062-623E-4D63-B04E-2B0992A9D1B7}.Debug|Any CPU.ActiveCfg = Debug|Any CPU
		{A1515062-623E-4D63-B04E-2B0992A9D1B7}.Debug|Any CPU.Build.0 = Debug|Any CPU
		{A1515062-623E-4D63-B04E-2B0992A9D1B7}.Release|Any CPU.ActiveCfg = Release|Any CPU
		{A1515062-623E-4D63-B04E-2B0992A9D1B7}.Release|Any CPU.Build.0 = Release|Any CPU
	EndGlobalSection
	GlobalSection(SolutionProperties) = preSolution
		HideSolutionNode = FALSE
	EndGlobalSection
	GlobalSection(NestedProjects) = preSolution
		{AB36825D-0F88-4404-9CD3-B49638A4168B} = {C470CEBF-B57F-4BDA-AFBB-902F6FE325F8}
		{A91936AB-791D-4A90-A806-DD3BD95B8EF2} = {C470CEBF-B57F-4BDA-AFBB-902F6FE325F8}
		{6DA8D8B6-3395-44E4-A6AE-EA2FF7614064} = {C470CEBF-B57F-4BDA-AFBB-902F6FE325F8}
		{A1515062-623E-4D63-B04E-2B0992A9D1B7} = {C470CEBF-B57F-4BDA-AFBB-902F6FE325F8}
	EndGlobalSection
	GlobalSection(ExtensibilityGlobals) = postSolution
		SolutionGuid = {5ABCFC19-4A24-46F2-9A43-77C3F7699461}
	EndGlobalSection
EndGlobal
